
Microsoft Visual Studio Solution File, Format Version 12.00
# Visual Studio 15
VisualStudioVersion = 15.0.27130.2027
MinimumVisualStudioVersion = 10.0.40219.1
Project("{FAE04EC0-301F-11D3-BF4B-00C04F79EFBC}") = "Laboratorio4_1252016_1053016", "Laboratorio4_1252016_1053016\Laboratorio4_1252016_1053016.csproj", "{5C066D0F-0D38-4A8C-B6AA-0EFA09B2F66A}"
EndProject
Global
	GlobalSection(SolutionConfigurationPlatforms) = preSolution
		Debug|Any CPU = Debug|Any CPU
		Release|Any CPU = Release|Any CPU
	EndGlobalSection
	GlobalSection(ProjectConfigurationPlatforms) = postSolution
		{5C066D0F-0D38-4A8C-B6AA-0EFA09B2F66A}.Debug|Any CPU.ActiveCfg = Debug|Any CPU
		{5C066D0F-0D38-4A8C-B6AA-0EFA09B2F66A}.Debug|Any CPU.Build.0 = Debug|Any CPU
		{5C066D0F-0D38-4A8C-B6AA-0EFA09B2F66A}.Release|Any CPU.ActiveCfg = Release|Any CPU
		{5C066D0F-0D38-4A8C-B6AA-0EFA09B2F66A}.Release|Any CPU.Build.0 = Release|Any CPU
	EndGlobalSection
	GlobalSection(SolutionProperties) = preSolution
		HideSolutionNode = FALSE
	EndGlobalSection
	GlobalSection(ExtensibilityGlobals) = postSolution
		SolutionGuid = {448504CF-96A8-4BE5-B700-88C3EAB44728}
	EndGlobalSection
EndGlobal
